# This file is autogenerated, do not edit; changes may be undone by the next 'dep ensure'.


[[projects]]
  branch = "master"
  name = "github.com/wellington/go-libsass"
  packages = [".","libs"]
  revision = "70e55d4c8433334142a94120c8b3fbccd0a0af25"

[[projects]]
  branch = "master"
  name = "golang.org/x/net"
  packages = ["context"]
  revision = "a8b9294777976932365dabb6640cf1468d95c70f"

[[projects]]
  branch = "v3"
  name = "gopkg.in/olebedev/go-duktape.v3"
  packages = ["."]
  revision = "f3467e8d1a3651ad2319e37ad152472632b50e9b"
  source = "git@github.com:bennyscetbun/go-duktape.git"

[solve-meta]
  analyzer-name = "dep"
  analyzer-version = 1
  inputs-digest = "b677b964191c2f5be8477aa26938be760488a7edb977c1f42c20f0defe8e3bf5"
  solver-name = "gps-cdcl"
  solver-version = 1
