# This file is autogenerated, do not edit; changes may be undone by the next 'dep ensure'.


[[projects]]
  name = "github.com/wellington/go-libsass"
  packages = [".","libs"]
  revision = "e4e2caac0b909f543121a9d2bfecdc55d88a7d08"

[[projects]]
  branch = "master"
  name = "golang.org/x/net"
  packages = ["context"]
  revision = "9dfe39835686865bff950a07b394c12a98ddc811"

[[projects]]
  branch = "v3"
  name = "gopkg.in/olebedev/go-duktape.v3"
  packages = ["."]
  revision = "f3467e8d1a3651ad2319e37ad152472632b50e9b"
  source = "git@github.com:bennyscetbun/go-duktape.git"

[solve-meta]
  analyzer-name = "dep"
  analyzer-version = 1
  inputs-digest = "a81c1beab3fe3e0e0f37dc985883e23be3a5620eb632b34346cdd60c385c8624"
  solver-name = "gps-cdcl"
  solver-version = 1
